
Microsoft Visual Studio Solution File, Format Version 12.00
# Visual Studio Version 17
VisualStudioVersion = 17.14.36623.8 d17.14
MinimumVisualStudioVersion = 10.0.40219.1
Project("{FAE04EC0-301F-11D3-BF4B-00C04F79EFBC}") = "CricUpdate.API", "CricUpdate.API\CricUpdate.API.csproj", "{BA2C26C9-9A3B-4C34-BD70-DD22B73D0277}"
EndProject
Global
	GlobalSection(SolutionConfigurationPlatforms) = preSolution
		Debug|Any CPU = Debug|Any CPU
		Release|Any CPU = Release|Any CPU
	EndGlobalSection
	GlobalSection(ProjectConfigurationPlatforms) = postSolution
		{BA2C26C9-9A3B-4C34-BD70-DD22B73D0277}.Debug|Any CPU.ActiveCfg = Debug|Any CPU
		{BA2C26C9-9A3B-4C34-BD70-DD22B73D0277}.Debug|Any CPU.Build.0 = Debug|Any CPU
		{BA2C26C9-9A3B-4C34-BD70-DD22B73D0277}.Release|Any CPU.ActiveCfg = Release|Any CPU
		{BA2C26C9-9A3B-4C34-BD70-DD22B73D0277}.Release|Any CPU.Build.0 = Release|Any CPU
	EndGlobalSection
	GlobalSection(SolutionProperties) = preSolution
		HideSolutionNode = FALSE
	EndGlobalSection
	GlobalSection(ExtensibilityGlobals) = postSolution
		SolutionGuid = {3A6C71D8-C3D5-4353-B278-91C9CB6B244E}
	EndGlobalSection
EndGlobal
